
Microsoft Visual Studio Solution File, Format Version 12.00
# Visual Studio 15
VisualStudioVersion = 15.0.27130.2010
MinimumVisualStudioVersion = 10.0.40219.1
Project("{FAE04EC0-301F-11D3-BF4B-00C04F79EFBC}") = "XmlUsage", "XmlUsage\XmlUsage.csproj", "{8808ED4F-15A1-407C-818B-485C22E28E97}"
EndProject
Global
	GlobalSection(SolutionConfigurationPlatforms) = preSolution
		Debug|Any CPU = Debug|Any CPU
		Release|Any CPU = Release|Any CPU
	EndGlobalSection
	GlobalSection(ProjectConfigurationPlatforms) = postSolution
		{8808ED4F-15A1-407C-818B-485C22E28E97}.Debug|Any CPU.ActiveCfg = Debug|Any CPU
		{8808ED4F-15A1-407C-818B-485C22E28E97}.Debug|Any CPU.Build.0 = Debug|Any CPU
		{8808ED4F-15A1-407C-818B-485C22E28E97}.Release|Any CPU.ActiveCfg = Release|Any CPU
		{8808ED4F-15A1-407C-818B-485C22E28E97}.Release|Any CPU.Build.0 = Release|Any CPU
	EndGlobalSection
	GlobalSection(SolutionProperties) = preSolution
		HideSolutionNode = FALSE
	EndGlobalSection
	GlobalSection(ExtensibilityGlobals) = postSolution
		SolutionGuid = {C054E265-65E5-490F-9F25-0F3E2F2CF180}
	EndGlobalSection
EndGlobal
